
Microsoft Visual Studio Solution File, Format Version 12.00
# Visual Studio Version 17
VisualStudioVersion = 17.9.34723.18
MinimumVisualStudioVersion = 10.0.40219.1
Project("{FAE04EC0-301F-11D3-BF4B-00C04F79EFBC}") = "Entitites", "Entitites\Entitites.csproj", "{3DDF6D8D-7D1C-4920-9341-D2251A65B7A1}"
EndProject
Project("{2150E333-8FDC-42A3-9474-1A3956D46DE8}") = "1- UI", "1- UI", "{BF4FF543-B195-4EC5-9F66-C201A2C32D70}"
EndProject
Project("{2150E333-8FDC-42A3-9474-1A3956D46DE8}") = "2- Domain", "2- Domain", "{80B7E0B2-E70F-4460-A710-599C4710BEBD}"
EndProject
Project("{2150E333-8FDC-42A3-9474-1A3956D46DE8}") = "3- Infra", "3- Infra", "{6A76FFBC-1DAD-4AAB-A056-C38FF050147F}"
EndProject
Project("{2150E333-8FDC-42A3-9474-1A3956D46DE8}") = "4- Entities", "4- Entities", "{FF584F2F-D441-44B0-961E-CAC4913029AD}"
EndProject
Project("{2150E333-8FDC-42A3-9474-1A3956D46DE8}") = "5- Helpers", "5- Helpers", "{2C18A2FA-FA98-4290-9BB6-94C924D6C677}"
EndProject
Project("{FAE04EC0-301F-11D3-BF4B-00C04F79EFBC}") = "Helpers", "Helpers\Helpers.csproj", "{7EA47D12-5A3B-40B2-B520-C74015851FAC}"
EndProject
Project("{FAE04EC0-301F-11D3-BF4B-00C04F79EFBC}") = "Infra", "Infra\Infra.csproj", "{E7DFC65F-BA3B-4544-8F7F-82327BD41AB7}"
EndProject
Project("{FAE04EC0-301F-11D3-BF4B-00C04F79EFBC}") = "Domain", "Domain\Domain.csproj", "{65841A03-2723-47C1-BA50-3CFC9D0DD986}"
EndProject
Project("{FAE04EC0-301F-11D3-BF4B-00C04F79EFBC}") = "WebApi", "WebApi\WebApi.csproj", "{BCB34355-7D95-4C0E-8E84-E6563F7176D3}"
EndProject
Global
	GlobalSection(SolutionConfigurationPlatforms) = preSolution
		Debug|Any CPU = Debug|Any CPU
		Release|Any CPU = Release|Any CPU
	EndGlobalSection
	GlobalSection(ProjectConfigurationPlatforms) = postSolution
		{3DDF6D8D-7D1C-4920-9341-D2251A65B7A1}.Debug|Any CPU.ActiveCfg = Debug|Any CPU
		{3DDF6D8D-7D1C-4920-9341-D2251A65B7A1}.Debug|Any CPU.Build.0 = Debug|Any CPU
		{3DDF6D8D-7D1C-4920-9341-D2251A65B7A1}.Release|Any CPU.ActiveCfg = Release|Any CPU
		{3DDF6D8D-7D1C-4920-9341-D2251A65B7A1}.Release|Any CPU.Build.0 = Release|Any CPU
		{7EA47D12-5A3B-40B2-B520-C74015851FAC}.Debug|Any CPU.ActiveCfg = Debug|Any CPU
		{7EA47D12-5A3B-40B2-B520-C74015851FAC}.Debug|Any CPU.Build.0 = Debug|Any CPU
		{7EA47D12-5A3B-40B2-B520-C74015851FAC}.Release|Any CPU.ActiveCfg = Release|Any CPU
		{7EA47D12-5A3B-40B2-B520-C74015851FAC}.Release|Any CPU.Build.0 = Release|Any CPU
		{E7DFC65F-BA3B-4544-8F7F-82327BD41AB7}.Debug|Any CPU.ActiveCfg = Debug|Any CPU
		{E7DFC65F-BA3B-4544-8F7F-82327BD41AB7}.Debug|Any CPU.Build.0 = Debug|Any CPU
		{E7DFC65F-BA3B-4544-8F7F-82327BD41AB7}.Release|Any CPU.ActiveCfg = Release|Any CPU
		{E7DFC65F-BA3B-4544-8F7F-82327BD41AB7}.Release|Any CPU.Build.0 = Release|Any CPU
		{65841A03-2723-47C1-BA50-3CFC9D0DD986}.Debug|Any CPU.ActiveCfg = Debug|Any CPU
		{65841A03-2723-47C1-BA50-3CFC9D0DD986}.Debug|Any CPU.Build.0 = Debug|Any CPU
		{65841A03-2723-47C1-BA50-3CFC9D0DD986}.Release|Any CPU.ActiveCfg = Release|Any CPU
		{65841A03-2723-47C1-BA50-3CFC9D0DD986}.Release|Any CPU.Build.0 = Release|Any CPU
		{BCB34355-7D95-4C0E-8E84-E6563F7176D3}.Debug|Any CPU.ActiveCfg = Debug|Any CPU
		{BCB34355-7D95-4C0E-8E84-E6563F7176D3}.Debug|Any CPU.Build.0 = Debug|Any CPU
		{BCB34355-7D95-4C0E-8E84-E6563F7176D3}.Release|Any CPU.ActiveCfg = Release|Any CPU
		{BCB34355-7D95-4C0E-8E84-E6563F7176D3}.Release|Any CPU.Build.0 = Release|Any CPU
	EndGlobalSection
	GlobalSection(SolutionProperties) = preSolution
		HideSolutionNode = FALSE
	EndGlobalSection
	GlobalSection(NestedProjects) = preSolution
		{3DDF6D8D-7D1C-4920-9341-D2251A65B7A1} = {FF584F2F-D441-44B0-961E-CAC4913029AD}
		{7EA47D12-5A3B-40B2-B520-C74015851FAC} = {2C18A2FA-FA98-4290-9BB6-94C924D6C677}
		{E7DFC65F-BA3B-4544-8F7F-82327BD41AB7} = {6A76FFBC-1DAD-4AAB-A056-C38FF050147F}
		{65841A03-2723-47C1-BA50-3CFC9D0DD986} = {80B7E0B2-E70F-4460-A710-599C4710BEBD}
		{BCB34355-7D95-4C0E-8E84-E6563F7176D3} = {BF4FF543-B195-4EC5-9F66-C201A2C32D70}
	EndGlobalSection
	GlobalSection(ExtensibilityGlobals) = postSolution
		SolutionGuid = {B850DAD2-664E-4EAE-BFA5-12E94A4F9FE6}
	EndGlobalSection
EndGlobal
